
Microsoft Visual Studio Solution File, Format Version 12.00
# Visual Studio Version 16
VisualStudioVersion = 16.0.31515.178
MinimumVisualStudioVersion = 10.0.40219.1
Project("{9A19103F-16F7-4668-BE54-9A1E7A4F7556}") = "Caesar", "Caesar\Caesar.csproj", "{B00A9715-8BC2-450D-A98B-E990743182F7}"
EndProject
Project("{FAE04EC0-301F-11D3-BF4B-00C04F79EFBC}") = "Caesar.Android", "Caesar.Android\Caesar.Android.csproj", "{7B7E3C5E-545E-4FB6-994A-8FBF6475B613}"
EndProject
Project("{FAE04EC0-301F-11D3-BF4B-00C04F79EFBC}") = "Caesar.iOS", "Caesar.iOS\Caesar.iOS.csproj", "{03902F1D-2777-48FB-BB14-E7095A88124F}"
EndProject
Global
	GlobalSection(SolutionConfigurationPlatforms) = preSolution
		Debug|Any CPU = Debug|Any CPU
		Debug|iPhone = Debug|iPhone
		Debug|iPhoneSimulator = Debug|iPhoneSimulator
		Release|Any CPU = Release|Any CPU
		Release|iPhone = Release|iPhone
		Release|iPhoneSimulator = Release|iPhoneSimulator
	EndGlobalSection
	GlobalSection(ProjectConfigurationPlatforms) = postSolution
		{B00A9715-8BC2-450D-A98B-E990743182F7}.Debug|Any CPU.ActiveCfg = Debug|Any CPU
		{B00A9715-8BC2-450D-A98B-E990743182F7}.Debug|Any CPU.Build.0 = Debug|Any CPU
		{B00A9715-8BC2-450D-A98B-E990743182F7}.Debug|iPhone.ActiveCfg = Debug|Any CPU
		{B00A9715-8BC2-450D-A98B-E990743182F7}.Debug|iPhone.Build.0 = Debug|Any CPU
		{B00A9715-8BC2-450D-A98B-E990743182F7}.Debug|iPhoneSimulator.ActiveCfg = Debug|Any CPU
		{B00A9715-8BC2-450D-A98B-E990743182F7}.Debug|iPhoneSimulator.Build.0 = Debug|Any CPU
		{B00A9715-8BC2-450D-A98B-E990743182F7}.Release|Any CPU.ActiveCfg = Release|Any CPU
		{B00A9715-8BC2-450D-A98B-E990743182F7}.Release|Any CPU.Build.0 = Release|Any CPU
		{B00A9715-8BC2-450D-A98B-E990743182F7}.Release|iPhone.ActiveCfg = Release|Any CPU
		{B00A9715-8BC2-450D-A98B-E990743182F7}.Release|iPhone.Build.0 = Release|Any CPU
		{B00A9715-8BC2-450D-A98B-E990743182F7}.Release|iPhoneSimulator.ActiveCfg = Release|Any CPU
		{B00A9715-8BC2-450D-A98B-E990743182F7}.Release|iPhoneSimulator.Build.0 = Release|Any CPU
		{7B7E3C5E-545E-4FB6-994A-8FBF6475B613}.Debug|Any CPU.ActiveCfg = Debug|Any CPU
		{7B7E3C5E-545E-4FB6-994A-8FBF6475B613}.Debug|Any CPU.Build.0 = Debug|Any CPU
		{7B7E3C5E-545E-4FB6-994A-8FBF6475B613}.Debug|Any CPU.Deploy.0 = Debug|Any CPU
		{7B7E3C5E-545E-4FB6-994A-8FBF6475B613}.Debug|iPhone.ActiveCfg = Debug|Any CPU
		{7B7E3C5E-545E-4FB6-994A-8FBF6475B613}.Debug|iPhone.Build.0 = Debug|Any CPU
		{7B7E3C5E-545E-4FB6-994A-8FBF6475B613}.Debug|iPhone.Deploy.0 = Debug|Any CPU
		{7B7E3C5E-545E-4FB6-994A-8FBF6475B613}.Debug|iPhoneSimulator.ActiveCfg = Debug|Any CPU
		{7B7E3C5E-545E-4FB6-994A-8FBF6475B613}.Debug|iPhoneSimulator.Build.0 = Debug|Any CPU
		{7B7E3C5E-545E-4FB6-994A-8FBF6475B613}.Debug|iPhoneSimulator.Deploy.0 = Debug|Any CPU
		{7B7E3C5E-545E-4FB6-994A-8FBF6475B613}.Release|Any CPU.ActiveCfg = Release|Any CPU
		{7B7E3C5E-545E-4FB6-994A-8FBF6475B613}.Release|Any CPU.Build.0 = Release|Any CPU
		{7B7E3C5E-545E-4FB6-994A-8FBF6475B613}.Release|Any CPU.Deploy.0 = Release|Any CPU
		{7B7E3C5E-545E-4FB6-994A-8FBF6475B613}.Release|iPhone.ActiveCfg = Release|Any CPU
		{7B7E3C5E-545E-4FB6-994A-8FBF6475B613}.Release|iPhone.Build.0 = Release|Any CPU
		{7B7E3C5E-545E-4FB6-994A-8FBF6475B613}.Release|iPhone.Deploy.0 = Release|Any CPU
		{7B7E3C5E-545E-4FB6-994A-8FBF6475B613}.Release|iPhoneSimulator.ActiveCfg = Release|Any CPU
		{7B7E3C5E-545E-4FB6-994A-8FBF6475B613}.Release|iPhoneSimulator.Build.0 = Release|Any CPU
		{7B7E3C5E-545E-4FB6-994A-8FBF6475B613}.Release|iPhoneSimulator.Deploy.0 = Release|Any CPU
		{03902F1D-2777-48FB-BB14-E7095A88124F}.Debug|Any CPU.ActiveCfg = Debug|iPhoneSimulator
		{03902F1D-2777-48FB-BB14-E7095A88124F}.Debug|iPhone.ActiveCfg = Debug|iPhone
		{03902F1D-2777-48FB-BB14-E7095A88124F}.Debug|iPhone.Build.0 = Debug|iPhone
		{03902F1D-2777-48FB-BB14-E7095A88124F}.Debug|iPhoneSimulator.ActiveCfg = Debug|iPhoneSimulator
		{03902F1D-2777-48FB-BB14-E7095A88124F}.Debug|iPhoneSimulator.Build.0 = Debug|iPhoneSimulator
		{03902F1D-2777-48FB-BB14-E7095A88124F}.Release|Any CPU.ActiveCfg = Release|iPhoneSimulator
		{03902F1D-2777-48FB-BB14-E7095A88124F}.Release|iPhone.ActiveCfg = Release|iPhone
		{03902F1D-2777-48FB-BB14-E7095A88124F}.Release|iPhone.Build.0 = Release|iPhone
		{03902F1D-2777-48FB-BB14-E7095A88124F}.Release|iPhoneSimulator.ActiveCfg = Release|iPhoneSimulator
		{03902F1D-2777-48FB-BB14-E7095A88124F}.Release|iPhoneSimulator.Build.0 = Release|iPhoneSimulator
	EndGlobalSection
	GlobalSection(SolutionProperties) = preSolution
		HideSolutionNode = FALSE
	EndGlobalSection
	GlobalSection(ExtensibilityGlobals) = postSolution
		SolutionGuid = {96A76366-3352-400B-A9AB-6600B657AE2E}
	EndGlobalSection
EndGlobal
